<?xml version="1.0" encoding="utf-8"?>
<Project ToolsVersion="4.0" xmlns="http://schemas.microsoft.com/developer/msbuild/2003">
  <ItemGroup>
    <Filter Include="소스 파일">
      <UniqueIdentifier>{4FC737F1-C7A5-4376-A066-2A32D752A2FF}</UniqueIdentifier>
      <Extensions>cpp;c;cc;cxx;c++;cppm;ixx;def;odl;idl;hpj;bat;asm;asmx</Extensions>
    </Filter>
    <Filter Include="헤더 파일">
      <UniqueIdentifier>{93995380-89BD-4b04-88EB-625FBE52EBFB}</UniqueIdentifier>
      <Extensions>h;hh;hpp;hxx;h++;hm;inl;inc;ipp;xsd</Extensions>
    </Filter>
    <Filter Include="리소스 파일">
      <UniqueIdentifier>{67DA6AB6-F800-4c08-8B7A-83BB121AAD01}</UniqueIdentifier>
      <Extensions>rc;ico;cur;bmp;dlg;rc2;rct;bin;rgs;gif;jpg;jpeg;jpe;resx;tiff;tif;png;wav;mfcribbon-ms</Extensions>
    </Filter>
    <Filter Include="소스 파일\1. 브론즈2">
      <UniqueIdentifier>{72895e00-db39-4d8a-9522-bfe613cd3c32}</UniqueIdentifier>
    </Filter>
    <Filter Include="소스 파일\2. 브론즈1">
      <UniqueIdentifier>{961eefde-d1d0-47dc-96f5-a61f13a602f7}</UniqueIdentifier>
    </Filter>
    <Filter Include="소스 파일\3. 실버5">
      <UniqueIdentifier>{3773cbdf-b72f-4abf-aa24-2f8acab88b8a}</UniqueIdentifier>
    </Filter>
    <Filter Include="소스 파일\4. 실버4">
      <UniqueIdentifier>{fa806922-aea1-4d4b-be42-e1748a035f3b}</UniqueIdentifier>
    </Filter>
    <Filter Include="소스 파일\5. 실버3">
      <UniqueIdentifier>{06523a6f-8cfa-4e6b-81b5-a636beb60f2b}</UniqueIdentifier>
    </Filter>
    <Filter Include="소스 파일\6. 실버2">
      <UniqueIdentifier>{52eea9e0-f230-49ea-bd69-f0911271531a}</UniqueIdentifier>
    </Filter>
    <Filter Include="소스 파일\7. 실버1">
      <UniqueIdentifier>{1d420489-a078-4cd0-9d2e-5a89f3ea5be8}</UniqueIdentifier>
    </Filter>
  </ItemGroup>
  <ItemGroup>
    <ClCompile Include="1. 8958.cpp">
      <Filter>소스 파일\1. 브론즈2</Filter>
    </ClCompile>
    <ClCompile Include="1. 1110.cpp">
      <Filter>소스 파일\2. 브론즈1</Filter>
    </ClCompile>
    <ClCompile Include="2. 1453.cpp">
      <Filter>소스 파일\2. 브론즈1</Filter>
    </ClCompile>
    <ClCompile Include="3. 2851.cpp">
      <Filter>소스 파일\2. 브론즈1</Filter>
    </ClCompile>
    <ClCompile Include="1. 2750.cpp">
      <Filter>소스 파일\3. 실버5</Filter>
    </ClCompile>
    <ClCompile Include="2. 11650.cpp">
      <Filter>소스 파일\3. 실버5</Filter>
    </ClCompile>
    <ClCompile Include="3. 2078.cpp">
      <Filter>소스 파일\3. 실버5</Filter>
    </ClCompile>
    <ClCompile Include="1. 10828.cpp">
      <Filter>소스 파일\4. 실버4</Filter>
    </ClCompile>
    <ClCompile Include="2. 10845.cpp">
      <Filter>소스 파일\4. 실버4</Filter>
    </ClCompile>
    <ClCompile Include="3. 1920.cpp">
      <Filter>소스 파일\4. 실버4</Filter>
    </ClCompile>
    <ClCompile Include="4. 1065.cpp">
      <Filter>소스 파일\4. 실버4</Filter>
    </ClCompile>
    <ClCompile Include="5. 15725.cpp">
      <Filter>소스 파일\4. 실버4</Filter>
    </ClCompile>
    <ClCompile Include="6. 2960.cpp">
      <Filter>소스 파일\4. 실버4</Filter>
    </ClCompile>
    <ClCompile Include="7. 1978.cpp">
      <Filter>소스 파일\4. 실버4</Filter>
    </ClCompile>
    <ClCompile Include="1. 1485.cpp">
      <Filter>소스 파일\5. 실버3</Filter>
    </ClCompile>
    <ClCompile Include="2. 1463.cpp">
      <Filter>소스 파일\5. 실버3</Filter>
    </ClCompile>
    <ClCompile Include="3. 9461.cpp">
      <Filter>소스 파일\5. 실버3</Filter>
    </ClCompile>
    <ClCompile Include="4. vector.cpp">
      <Filter>소스 파일\5. 실버3</Filter>
    </ClCompile>
    <ClCompile Include="5. 9095.cpp">
      <Filter>소스 파일\5. 실버3</Filter>
    </ClCompile>
    <ClCompile Include="6. 1051.cpp">
      <Filter>소스 파일\5. 실버3</Filter>
    </ClCompile>
    <ClCompile Include="1. 2178.cpp">
      <Filter>소스 파일\7. 실버1</Filter>
    </ClCompile>
    <ClCompile Include="1. 1260.cpp">
      <Filter>소스 파일\6. 실버2</Filter>
    </ClCompile>
    <ClCompile Include="2. 1012.cpp">
      <Filter>소스 파일\6. 실버2</Filter>
    </ClCompile>
    <ClCompile Include="7. 2606.cpp">
      <Filter>소스 파일\5. 실버3</Filter>
    </ClCompile>
    <ClCompile Include="2. 1926.cpp">
      <Filter>소스 파일\7. 실버1</Filter>
    </ClCompile>
    <ClCompile Include="3. 4963.cpp">
      <Filter>소스 파일\6. 실버2</Filter>
    </ClCompile>
    <ClCompile Include="8. 2599.cpp">
      <Filter>소스 파일\4. 실버4</Filter>
    </ClCompile>
    <ClCompile Include="9. 1021.cpp">
      <Filter>소스 파일\4. 실버4</Filter>
    </ClCompile>
    <ClCompile Include="10. 9012.cpp">
      <Filter>소스 파일\4. 실버4</Filter>
    </ClCompile>
    <ClCompile Include="4. 1158.cpp">
      <Filter>소스 파일\3. 실버5</Filter>
    </ClCompile>
    <ClCompile Include="8. 1874.cpp">
      <Filter>소스 파일\5. 실버3</Filter>
    </ClCompile>
    <ClCompile Include="9. 10799.cpp">
      <Filter>소스 파일\5. 실버3</Filter>
    </ClCompile>
  </ItemGroup>
</Project>